// !$*UTF8*$!
{
	archiveVersion = 1;
	classes = {
	};
	objectVersion = 50;
	objects = {

/* Begin PBXBuildFile section */
		58173DAB28660C8A0059D5AD /* Data.swift in Sources */ = {isa = PBXBuildFile; fileRef = 58173DAA28660C8A0059D5AD /* Data.swift */; };
		583937B4269691F500D71D56 /* LocationController.swift in Sources */ = {isa = PBXBuildFile; fileRef = 583937B3269691F500D71D56 /* LocationController.swift */; };
		58776757268C33B1005A3FC1 /* CoLoRaBLEApp.swift in Sources */ = {isa = PBXBuildFile; fileRef = 58776756268C33B1005A3FC1 /* CoLoRaBLEApp.swift */; };
		58776759268C33B1005A3FC1 /* ContentView.swift in Sources */ = {isa = PBXBuildFile; fileRef = 58776758268C33B1005A3FC1 /* ContentView.swift */; };
		5877675B268C33B3005A3FC1 /* Assets.xcassets in Resources */ = {isa = PBXBuildFile; fileRef = 5877675A268C33B3005A3FC1 /* Assets.xcassets */; };
		5877675E268C33B3005A3FC1 /* Preview Assets.xcassets in Resources */ = {isa = PBXBuildFile; fileRef = 5877675D268C33B3005A3FC1 /* Preview Assets.xcassets */; };
		58776767268C37B4005A3FC1 /* Devices.swift in Sources */ = {isa = PBXBuildFile; fileRef = 58776766268C37B3005A3FC1 /* Devices.swift */; };
		5877676A268ED6EA005A3FC1 /* DeviceView.swift in Sources */ = {isa = PBXBuildFile; fileRef = 58776769268ED6EA005A3FC1 /* DeviceView.swift */; };
		5877676D268EDF16005A3FC1 /* BLEmanager.swift in Sources */ = {isa = PBXBuildFile; fileRef = 5877676C268EDF16005A3FC1 /* BLEmanager.swift */; };
		58776776268FEC89005A3FC1 /* SettingsView.swift in Sources */ = {isa = PBXBuildFile; fileRef = 58776775268FEC89005A3FC1 /* SettingsView.swift */; };
		58776779268FEE15005A3FC1 /* MapView.swift in Sources */ = {isa = PBXBuildFile; fileRef = 58776778268FEE15005A3FC1 /* MapView.swift */; };
		58776784269017C2005A3FC1 /* ChatView.swift in Sources */ = {isa = PBXBuildFile; fileRef = 58776783269017C2005A3FC1 /* ChatView.swift */; };
/* End PBXBuildFile section */

/* Begin PBXFileReference section */
		58173DAA28660C8A0059D5AD /* Data.swift */ = {isa = PBXFileReference; lastKnownFileType = sourcecode.swift; path = Data.swift; sourceTree = "<group>"; };
		583937B3269691F500D71D56 /* LocationController.swift */ = {isa = PBXFileReference; lastKnownFileType = sourcecode.swift; path = LocationController.swift; sourceTree = "<group>"; };
		58776753268C33B1005A3FC1 /* CoLoRaBLE.app */ = {isa = PBXFileReference; explicitFileType = wrapper.application; includeInIndex = 0; path = CoLoRaBLE.app; sourceTree = BUILT_PRODUCTS_DIR; };
		58776756268C33B1005A3FC1 /* CoLoRaBLEApp.swift */ = {isa = PBXFileReference; lastKnownFileType = sourcecode.swift; path = CoLoRaBLEApp.swift; sourceTree = "<group>"; };
		58776758268C33B1005A3FC1 /* ContentView.swift */ = {isa = PBXFileReference; lastKnownFileType = sourcecode.swift; path = ContentView.swift; sourceTree = "<group>"; };
		5877675A268C33B3005A3FC1 /* Assets.xcassets */ = {isa = PBXFileReference; lastKnownFileType = folder.assetcatalog; path = Assets.xcassets; sourceTree = "<group>"; };
		5877675D268C33B3005A3FC1 /* Preview Assets.xcassets */ = {isa = PBXFileReference; lastKnownFileType = folder.assetcatalog; path = "Preview Assets.xcassets"; sourceTree = "<group>"; };
		5877675F268C33B3005A3FC1 /* Info.plist */ = {isa = PBXFileReference; lastKnownFileType = text.plist.xml; path = Info.plist; sourceTree = "<group>"; };
		58776766268C37B3005A3FC1 /* Devices.swift */ = {isa = PBXFileReference; lastKnownFileType = sourcecode.swift; path = Devices.swift; sourceTree = "<group>"; };
		58776769268ED6EA005A3FC1 /* DeviceView.swift */ = {isa = PBXFileReference; lastKnownFileType = sourcecode.swift; path = DeviceView.swift; sourceTree = "<group>"; };
		5877676C268EDF16005A3FC1 /* BLEmanager.swift */ = {isa = PBXFileReference; lastKnownFileType = sourcecode.swift; path = BLEmanager.swift; sourceTree = "<group>"; };
		58776775268FEC89005A3FC1 /* SettingsView.swift */ = {isa = PBXFileReference; lastKnownFileType = sourcecode.swift; path = SettingsView.swift; sourceTree = "<group>"; };
		58776778268FEE15005A3FC1 /* MapView.swift */ = {isa = PBXFileReference; lastKnownFileType = sourcecode.swift; path = MapView.swift; sourceTree = "<group>"; };
		58776783269017C2005A3FC1 /* ChatView.swift */ = {isa = PBXFileReference; lastKnownFileType = sourcecode.swift; path = ChatView.swift; sourceTree = "<group>"; };
/* End PBXFileReference section */

/* Begin PBXFrameworksBuildPhase section */
		58776750268C33B1005A3FC1 /* Frameworks */ = {
			isa = PBXFrameworksBuildPhase;
			buildActionMask = 2147483647;
			files = (
			);
			runOnlyForDeploymentPostprocessing = 0;
		};
/* End PBXFrameworksBuildPhase section */

/* Begin PBXGroup section */
		5877674A268C33B1005A3FC1 = {
			isa = PBXGroup;
			children = (
				58776755268C33B1005A3FC1 /* CoLoRaBLE */,
				58776754268C33B1005A3FC1 /* Products */,
			);
			sourceTree = "<group>";
		};
		58776754268C33B1005A3FC1 /* Products */ = {
			isa = PBXGroup;
			children = (
				58776753268C33B1005A3FC1 /* CoLoRaBLE.app */,
			);
			name = Products;
			sourceTree = "<group>";
		};
		58776755268C33B1005A3FC1 /* CoLoRaBLE */ = {
			isa = PBXGroup;
			children = (
				5877675A268C33B3005A3FC1 /* Assets.xcassets */,
				58173DAA28660C8A0059D5AD /* Data.swift */,
				5877676C268EDF16005A3FC1 /* BLEmanager.swift */,
				58776783269017C2005A3FC1 /* ChatView.swift */,
				58776756268C33B1005A3FC1 /* CoLoRaBLEApp.swift */,
				58776758268C33B1005A3FC1 /* ContentView.swift */,
				58776766268C37B3005A3FC1 /* Devices.swift */,
				58776769268ED6EA005A3FC1 /* DeviceView.swift */,
				5877675F268C33B3005A3FC1 /* Info.plist */,
				583937B3269691F500D71D56 /* LocationController.swift */,
				58776778268FEE15005A3FC1 /* MapView.swift */,
				5877675C268C33B3005A3FC1 /* Preview Content */,
				58776775268FEC89005A3FC1 /* SettingsView.swift */,
			);
			path = CoLoRaBLE;
			sourceTree = "<group>";
		};
		5877675C268C33B3005A3FC1 /* Preview Content */ = {
			isa = PBXGroup;
			children = (
				5877675D268C33B3005A3FC1 /* Preview Assets.xcassets */,
			);
			path = "Preview Content";
			sourceTree = "<group>";
		};
/* End PBXGroup section */

/* Begin PBXNativeTarget section */
		58776752268C33B1005A3FC1 /* CoLoRaBLE */ = {
			isa = PBXNativeTarget;
			buildConfigurationList = 58776762268C33B3005A3FC1 /* Build configuration list for PBXNativeTarget "CoLoRaBLE" */;
			buildPhases = (
				5877674F268C33B1005A3FC1 /* Sources */,
				58776750268C33B1005A3FC1 /* Frameworks */,
				58776751268C33B1005A3FC1 /* Resources */,
			);
			buildRules = (
			);
			dependencies = (
			);
			name = CoLoRaBLE;
			productName = CoLoRaBLE;
			productReference = 58776753268C33B1005A3FC1 /* CoLoRaBLE.app */;
			productType = "com.apple.product-type.application";
		};
/* End PBXNativeTarget section */

/* Begin PBXProject section */
		5877674B268C33B1005A3FC1 /* Project object */ = {
			isa = PBXProject;
			attributes = {
				LastSwiftUpdateCheck = 1240;
				LastUpgradeCheck = 1240;
				TargetAttributes = {
					58776752268C33B1005A3FC1 = {
						CreatedOnToolsVersion = 12.4;
					};
				};
			};
			buildConfigurationList = 5877674E268C33B1005A3FC1 /* Build configuration list for PBXProject "CoLoRaBLE" */;
			compatibilityVersion = "Xcode 9.3";
			developmentRegion = en;
			hasScannedForEncodings = 0;
			knownRegions = (
				en,
				Base,
			);
			mainGroup = 5877674A268C33B1005A3FC1;
			productRefGroup = 58776754268C33B1005A3FC1 /* Products */;
			projectDirPath = "";
			projectRoot = "";
			targets = (
				58776752268C33B1005A3FC1 /* CoLoRaBLE */,
			);
		};
/* End PBXProject section */

/* Begin PBXResourcesBuildPhase section */
		58776751268C33B1005A3FC1 /* Resources */ = {
			isa = PBXResourcesBuildPhase;
			buildActionMask = 2147483647;
			files = (
				5877675E268C33B3005A3FC1 /* Preview Assets.xcassets in Resources */,
				5877675B268C33B3005A3FC1 /* Assets.xcassets in Resources */,
			);
			runOnlyForDeploymentPostprocessing = 0;
		};
/* End PBXResourcesBuildPhase section */

/* Begin PBXSourcesBuildPhase section */
		5877674F268C33B1005A3FC1 /* Sources */ = {
			isa = PBXSourcesBuildPhase;
			buildActionMask = 2147483647;
			files = (
				58776759268C33B1005A3FC1 /* ContentView.swift in Sources */,
				58776776268FEC89005A3FC1 /* SettingsView.swift in Sources */,
				5877676D268EDF16005A3FC1 /* BLEmanager.swift in Sources */,
				58776784269017C2005A3FC1 /* ChatView.swift in Sources */,
				58776757268C33B1005A3FC1 /* CoLoRaBLEApp.swift in Sources */,
				58173DAB28660C8A0059D5AD /* Data.swift in Sources */,
				5877676A268ED6EA005A3FC1 /* DeviceView.swift in Sources */,
				58776767268C37B4005A3FC1 /* Devices.swift in Sources */,
				583937B4269691F500D71D56 /* LocationController.swift in Sources */,
				58776779268FEE15005A3FC1 /* MapView.swift in Sources */,
			);
			runOnlyForDeploymentPostprocessing = 0;
		};
/* End PBXSourcesBuildPhase section */

/* Begin XCBuildConfiguration section */
		58776760268C33B3005A3FC1 /* Debug */ = {
			isa = XCBuildConfiguration;
			buildSettings = {
				ALWAYS_SEARCH_USER_PATHS = NO;
				CLANG_ANALYZER_NONNULL = YES;
				CLANG_ANALYZER_NUMBER_OBJECT_CONVERSION = YES_AGGRESSIVE;
				CLANG_CXX_LANGUAGE_STANDARD = "gnu++14";
				CLANG_CXX_LIBRARY = "libc++";
				CLANG_ENABLE_MODULES = YES;
				CLANG_ENABLE_OBJC_ARC = YES;
				CLANG_ENABLE_OBJC_WEAK = YES;
				CLANG_WARN_BLOCK_CAPTURE_AUTORELEASING = YES;
				CLANG_WARN_BOOL_CONVERSION = YES;
				CLANG_WARN_COMMA = YES;
				CLANG_WARN_CONSTANT_CONVERSION = YES;
				CLANG_WARN_DEPRECATED_OBJC_IMPLEMENTATIONS = YES;
				CLANG_WARN_DIRECT_OBJC_ISA_USAGE = YES_ERROR;
				CLANG_WARN_DOCUMENTATION_COMMENTS = YES;
				CLANG_WARN_EMPTY_BODY = YES;
				CLANG_WARN_ENUM_CONVERSION = YES;
				CLANG_WARN_INFINITE_RECURSION = YES;
				CLANG_WARN_INT_CONVERSION = YES;
				CLANG_WARN_NON_LITERAL_NULL_CONVERSION = YES;
				CLANG_WARN_OBJC_IMPLICIT_RETAIN_SELF = YES;
				CLANG_WARN_OBJC_LITERAL_CONVERSION = YES;
				CLANG_WARN_OBJC_ROOT_CLASS = YES_ERROR;
				CLANG_WARN_QUOTED_INCLUDE_IN_FRAMEWORK_HEADER = YES;
				CLANG_WARN_RANGE_LOOP_ANALYSIS = YES;
				CLANG_WARN_STRICT_PROTOTYPES = YES;
				CLANG_WARN_SUSPICIOUS_MOVE = YES;
				CLANG_WARN_UNGUARDED_AVAILABILITY = YES_AGGRESSIVE;
				CLANG_WARN_UNREACHABLE_CODE = YES;
				CLANG_WARN__DUPLICATE_METHOD_MATCH = YES;
				COPY_PHASE_STRIP = NO;
				DEBUG_INFORMATION_FORMAT = dwarf;
				ENABLE_STRICT_OBJC_MSGSEND = YES;
				ENABLE_TESTABILITY = YES;
				GCC_C_LANGUAGE_STANDARD = gnu11;
				GCC_DYNAMIC_NO_PIC = NO;
				GCC_NO_COMMON_BLOCKS = YES;
				GCC_OPTIMIZATION_LEVEL = 0;
				GCC_PREPROCESSOR_DEFINITIONS = (
					"DEBUG=1",
					"$(inherited)",
				);
				GCC_WARN_64_TO_32_BIT_CONVERSION = YES;
				GCC_WARN_ABOUT_RETURN_TYPE = YES_ERROR;
				GCC_WARN_UNDECLARED_SELECTOR = YES;
				GCC_WARN_UNINITIALIZED_AUTOS = YES_AGGRESSIVE;
				GCC_WARN_UNUSED_FUNCTION = YES;
				GCC_WARN_UNUSED_VARIABLE = YES;
				IPHONEOS_DEPLOYMENT_TARGET = 15.5;
				MTL_ENABLE_DEBUG_INFO = INCLUDE_SOURCE;
				MTL_FAST_MATH = YES;
				ONLY_ACTIVE_ARCH = YES;
				SDKROOT = iphoneos;
				SWIFT_ACTIVE_COMPILATION_CONDITIONS = DEBUG;
				SWIFT_OPTIMIZATION_LEVEL = "-Onone";
			};
			name = Debug;
		};
		58776761268C33B3005A3FC1 /* Release */ = {
			isa = XCBuildConfiguration;
			buildSettings = {
				ALWAYS_SEARCH_USER_PATHS = NO;
				CLANG_ANALYZER_NONNULL = YES;
				CLANG_ANALYZER_NUMBER_OBJECT_CONVERSION = YES_AGGRESSIVE;
				CLANG_CXX_LANGUAGE_STANDARD = "gnu++14";
				CLANG_CXX_LIBRARY = "libc++";
				CLANG_ENABLE_MODULES = YES;
				CLANG_ENABLE_OBJC_ARC = YES;
				CLANG_ENABLE_OBJC_WEAK = YES;
				CLANG_WARN_BLOCK_CAPTURE_AUTORELEASING = YES;
				CLANG_WARN_BOOL_CONVERSION = YES;
				CLANG_WARN_COMMA = YES;
				CLANG_WARN_CONSTANT_CONVERSION = YES;
				CLANG_WARN_DEPRECATED_OBJC_IMPLEMENTATIONS = YES;
				CLANG_WARN_DIRECT_OBJC_ISA_USAGE = YES_ERROR;
				CLANG_WARN_DOCUMENTATION_COMMENTS = YES;
				CLANG_WARN_EMPTY_BODY = YES;
				CLANG_WARN_ENUM_CONVERSION = YES;
				CLANG_WARN_INFINITE_RECURSION = YES;
				CLANG_WARN_INT_CONVERSION = YES;
				CLANG_WARN_NON_LITERAL_NULL_CONVERSION = YES;
				CLANG_WARN_OBJC_IMPLICIT_RETAIN_SELF = YES;
				CLANG_WARN_OBJC_LITERAL_CONVERSION = YES;
				CLANG_WARN_OBJC_ROOT_CLASS = YES_ERROR;
				CLANG_WARN_QUOTED_INCLUDE_IN_FRAMEWORK_HEADER = YES;
				CLANG_WARN_RANGE_LOOP_ANALYSIS = YES;
				CLANG_WARN_STRICT_PROTOTYPES = YES;
				CLANG_WARN_SUSPICIOUS_MOVE = YES;
				CLANG_WARN_UNGUARDED_AVAILABILITY = YES_AGGRESSIVE;
				CLANG_WARN_UNREACHABLE_CODE = YES;
				CLANG_WARN__DUPLICATE_METHOD_MATCH = YES;
				COPY_PHASE_STRIP = NO;
				DEBUG_INFORMATION_FORMAT = "dwarf-with-dsym";
				ENABLE_NS_ASSERTIONS = NO;
				ENABLE_STRICT_OBJC_MSGSEND = YES;
				GCC_C_LANGUAGE_STANDARD = gnu11;
				GCC_NO_COMMON_BLOCKS = YES;
				GCC_WARN_64_TO_32_BIT_CONVERSION = YES;
				GCC_WARN_ABOUT_RETURN_TYPE = YES_ERROR;
				GCC_WARN_UNDECLARED_SELECTOR = YES;
				GCC_WARN_UNINITIALIZED_AUTOS = YES_AGGRESSIVE;
				GCC_WARN_UNUSED_FUNCTION = YES;
				GCC_WARN_UNUSED_VARIABLE = YES;
				IPHONEOS_DEPLOYMENT_TARGET = 15.5;
				MTL_ENABLE_DEBUG_INFO = NO;
				MTL_FAST_MATH = YES;
				SDKROOT = iphoneos;
				SWIFT_COMPILATION_MODE = wholemodule;
				SWIFT_OPTIMIZATION_LEVEL = "-O";
				VALIDATE_PRODUCT = YES;
			};
			name = Release;
		};
		58776763268C33B3005A3FC1 /* Debug */ = {
			isa = XCBuildConfiguration;
			buildSettings = {
				ASSETCATALOG_COMPILER_APPICON_NAME = AppIcon;
				ASSETCATALOG_COMPILER_GLOBAL_ACCENT_COLOR_NAME = AccentColor;
				CODE_SIGN_IDENTITY = "Apple Development";
				CODE_SIGN_STYLE = Automatic;
				CURRENT_PROJECT_VERSION = 1;
				DEVELOPMENT_ASSET_PATHS = "\"CoLoRaBLE/Preview Content\"";
				DEVELOPMENT_TEAM = TV7V3HK2Z4;
				ENABLE_PREVIEWS = YES;
				INFOPLIST_FILE = CoLoRaBLE/Info.plist;
				IPHONEOS_DEPLOYMENT_TARGET = 15.5;
				LD_RUNPATH_SEARCH_PATHS = (
					"$(inherited)",
					"@executable_path/Frameworks",
				);
				MARKETING_VERSION = 1.1;
				PRODUCT_BUNDLE_IDENTIFIER = CoLoRaBLE.CoLoRaBLE;
				PRODUCT_NAME = "$(TARGET_NAME)";
				PROVISIONING_PROFILE_SPECIFIER = "";
				SWIFT_VERSION = 5.0;
				TARGETED_DEVICE_FAMILY = 1;
			};
			name = Debug;
		};
		58776764268C33B3005A3FC1 /* Release */ = {
			isa = XCBuildConfiguration;
			buildSettings = {
				ASSETCATALOG_COMPILER_APPICON_NAME = AppIcon;
				ASSETCATALOG_COMPILER_GLOBAL_ACCENT_COLOR_NAME = AccentColor;
				CODE_SIGN_IDENTITY = "Apple Development";
				CODE_SIGN_STYLE = Automatic;
				CURRENT_PROJECT_VERSION = 1;
				DEVELOPMENT_ASSET_PATHS = "\"CoLoRaBLE/Preview Content\"";
				DEVELOPMENT_TEAM = TV7V3HK2Z4;
				ENABLE_PREVIEWS = YES;
				INFOPLIST_FILE = CoLoRaBLE/Info.plist;
				IPHONEOS_DEPLOYMENT_TARGET = 15.5;
				LD_RUNPATH_SEARCH_PATHS = (
					"$(inherited)",
					"@executable_path/Frameworks",
				);
				MARKETING_VERSION = 1.1;
				PRODUCT_BUNDLE_IDENTIFIER = CoLoRaBLE.CoLoRaBLE;
				PRODUCT_NAME = "$(TARGET_NAME)";
				PROVISIONING_PROFILE_SPECIFIER = "";
				SWIFT_VERSION = 5.0;
				TARGETED_DEVICE_FAMILY = 1;
			};
			name = Release;
		};
/* End XCBuildConfiguration section */

/* Begin XCConfigurationList section */
		5877674E268C33B1005A3FC1 /* Build configuration list for PBXProject "CoLoRaBLE" */ = {
			isa = XCConfigurationList;
			buildConfigurations = (
				58776760268C33B3005A3FC1 /* Debug */,
				58776761268C33B3005A3FC1 /* Release */,
			);
			defaultConfigurationIsVisible = 0;
			defaultConfigurationName = Release;
		};
		58776762268C33B3005A3FC1 /* Build configuration list for PBXNativeTarget "CoLoRaBLE" */ = {
			isa = XCConfigurationList;
			buildConfigurations = (
				58776763268C33B3005A3FC1 /* Debug */,
				58776764268C33B3005A3FC1 /* Release */,
			);
			defaultConfigurationIsVisible = 0;
			defaultConfigurationName = Release;
		};
/* End XCConfigurationList section */
	};
	rootObject = 5877674B268C33B1005A3FC1 /* Project object */;
}
